# This file is autogenerated, do not edit; changes may be undone by the next 'dep ensure'.


[[projects]]
  name = "github.com/bugsnag/bugsnag-go"
  packages = [
    ".",
    "errors"
  ]
  revision = "036f1af2a63f8133e596d1c127c86100b4642ba1"
  version = "v1.3.0"

[[projects]]
  name = "github.com/bugsnag/panicwrap"
  packages = ["."]
  revision = "4009b2b7c78d820cc4a2e42f035bb557ce4ae45b"
  version = "v1.2.0"

[[projects]]
  name = "github.com/joho/godotenv"
  packages = ["."]
  revision = "a79fa1e548e2c689c241d10173efd51e5d689d5b"
  version = "v1.2.0"

[[projects]]
  branch = "master"
  name = "github.com/kardianos/osext"
  packages = ["."]
  revision = "ae77be60afb1dcacde03767a8c37337fad28ac14"

[solve-meta]
  analyzer-name = "dep"
  analyzer-version = 1
  inputs-digest = "58e194d6df773ec7f3f0a6b4810974b25c91ceb9e5adc30bf24437030080bf66"
  solver-name = "gps-cdcl"
  solver-version = 1
